
Microsoft Visual Studio Solution File, Format Version 12.00
# Visual Studio 15
VisualStudioVersion = 15.0.28010.2016
MinimumVisualStudioVersion = 10.0.40219.1
Project("{FAE04EC0-301F-11D3-BF4B-00C04F79EFBC}") = "Demo03 - JTS", "Demo03 - JTS\Demo03 - JTS.csproj", "{EE103A4E-634E-40AB-ADEF-D3C75196F550}"
EndProject
Global
	GlobalSection(SolutionConfigurationPlatforms) = preSolution
		Debug|Any CPU = Debug|Any CPU
		Release|Any CPU = Release|Any CPU
	EndGlobalSection
	GlobalSection(ProjectConfigurationPlatforms) = postSolution
		{EE103A4E-634E-40AB-ADEF-D3C75196F550}.Debug|Any CPU.ActiveCfg = Debug|Any CPU
		{EE103A4E-634E-40AB-ADEF-D3C75196F550}.Debug|Any CPU.Build.0 = Debug|Any CPU
		{EE103A4E-634E-40AB-ADEF-D3C75196F550}.Release|Any CPU.ActiveCfg = Release|Any CPU
		{EE103A4E-634E-40AB-ADEF-D3C75196F550}.Release|Any CPU.Build.0 = Release|Any CPU
	EndGlobalSection
	GlobalSection(SolutionProperties) = preSolution
		HideSolutionNode = FALSE
	EndGlobalSection
	GlobalSection(ExtensibilityGlobals) = postSolution
		SolutionGuid = {734A90F0-90D3-444B-AE4E-659F64BBBB68}
	EndGlobalSection
EndGlobal
